// !$*UTF8*$!
{
	archiveVersion = 1;
	classes = {
	};
	objectVersion = 46;
	objects = {

/* Begin PBXBuildFile section */
		67AF4BFC2249068F00A53AB6 /* UIScrollView+MJRefresh.m in Sources */ = {isa = PBXBuildFile; fileRef = 67AF4BD02249068E00A53AB6 /* UIScrollView+MJRefresh.m */; };
		67AF4BFD2249068F00A53AB6 /* MJRefreshConst.m in Sources */ = {isa = PBXBuildFile; fileRef = 67AF4BD12249068E00A53AB6 /* MJRefreshConst.m */; };
		67AF4BFE2249068F00A53AB6 /* MJRefresh.bundle in Resources */ = {isa = PBXBuildFile; fileRef = 67AF4BD42249068E00A53AB6 /* MJRefresh.bundle */; };
		67AF4BFF2249068F00A53AB6 /* UIScrollView+MJExtension.m in Sources */ = {isa = PBXBuildFile; fileRef = 67AF4BD62249068E00A53AB6 /* UIScrollView+MJExtension.m */; };
		67AF4C002249068F00A53AB6 /* UIView+MJExtension.m in Sources */ = {isa = PBXBuildFile; fileRef = 67AF4BD92249068E00A53AB6 /* UIView+MJExtension.m */; };
		67AF4C012249068F00A53AB6 /* MJRefreshBackGifFooter.m in Sources */ = {isa = PBXBuildFile; fileRef = 67AF4BE02249068E00A53AB6 /* MJRefreshBackGifFooter.m */; };
		67AF4C022249068F00A53AB6 /* MJRefreshBackStateFooter.m in Sources */ = {isa = PBXBuildFile; fileRef = 67AF4BE12249068E00A53AB6 /* MJRefreshBackStateFooter.m */; };
		67AF4C032249068F00A53AB6 /* MJRefreshBackNormalFooter.m in Sources */ = {isa = PBXBuildFile; fileRef = 67AF4BE22249068E00A53AB6 /* MJRefreshBackNormalFooter.m */; };
		67AF4C042249068F00A53AB6 /* MJRefreshAutoStateFooter.m in Sources */ = {isa = PBXBuildFile; fileRef = 67AF4BE72249068E00A53AB6 /* MJRefreshAutoStateFooter.m */; };
		67AF4C052249068F00A53AB6 /* MJRefreshAutoGifFooter.m in Sources */ = {isa = PBXBuildFile; fileRef = 67AF4BE82249068E00A53AB6 /* MJRefreshAutoGifFooter.m */; };
		67AF4C062249068F00A53AB6 /* MJRefreshAutoNormalFooter.m in Sources */ = {isa = PBXBuildFile; fileRef = 67AF4BE92249068E00A53AB6 /* MJRefreshAutoNormalFooter.m */; };
		67AF4C072249068F00A53AB6 /* MJRefreshNormalHeader.m in Sources */ = {isa = PBXBuildFile; fileRef = 67AF4BEB2249068E00A53AB6 /* MJRefreshNormalHeader.m */; };
		67AF4C082249068F00A53AB6 /* MJRefreshStateHeader.m in Sources */ = {isa = PBXBuildFile; fileRef = 67AF4BEF2249068E00A53AB6 /* MJRefreshStateHeader.m */; };
		67AF4C092249068F00A53AB6 /* MJRefreshGifHeader.m in Sources */ = {isa = PBXBuildFile; fileRef = 67AF4BF02249068E00A53AB6 /* MJRefreshGifHeader.m */; };
		67AF4C0A2249068F00A53AB6 /* MJRefreshFooter.m in Sources */ = {isa = PBXBuildFile; fileRef = 67AF4BF22249068E00A53AB6 /* MJRefreshFooter.m */; };
		67AF4C0B2249068F00A53AB6 /* MJRefreshHeader.m in Sources */ = {isa = PBXBuildFile; fileRef = 67AF4BF42249068E00A53AB6 /* MJRefreshHeader.m */; };
		67AF4C0C2249068F00A53AB6 /* MJRefreshBackFooter.m in Sources */ = {isa = PBXBuildFile; fileRef = 67AF4BF62249068E00A53AB6 /* MJRefreshBackFooter.m */; };
		67AF4C0D2249068F00A53AB6 /* MJRefreshAutoFooter.m in Sources */ = {isa = PBXBuildFile; fileRef = 67AF4BF72249068E00A53AB6 /* MJRefreshAutoFooter.m */; };
		67AF4C0E2249068F00A53AB6 /* MJRefreshComponent.m in Sources */ = {isa = PBXBuildFile; fileRef = 67AF4BF92249068E00A53AB6 /* MJRefreshComponent.m */; };
		67AF4C13224908B700A53AB6 /* Kingfisher.framework in Frameworks */ = {isa = PBXBuildFile; fileRef = 67AF4C102249084B00A53AB6 /* Kingfisher.framework */; };
		7854792D1D7539C10040CA78 /* ViewController.swift in Sources */ = {isa = PBXBuildFile; fileRef = 785479251D7539C10040CA78 /* ViewController.swift */; };
		7854792E1D7539C10040CA78 /* WaterfallLayout.swift in Sources */ = {isa = PBXBuildFile; fileRef = 785479281D7539C10040CA78 /* WaterfallLayout.swift */; };
		7854792F1D7539C10040CA78 /* AppDelegate.swift in Sources */ = {isa = PBXBuildFile; fileRef = 7854792A1D7539C10040CA78 /* AppDelegate.swift */; };
		785479301D7539C10040CA78 /* Shop.plist in Resources */ = {isa = PBXBuildFile; fileRef = 7854792C1D7539C10040CA78 /* Shop.plist */; };
		785479361D753B510040CA78 /* Shop.swift in Sources */ = {isa = PBXBuildFile; fileRef = 785479351D753B510040CA78 /* Shop.swift */; };
		785479D31D7570110040CA78 /* WaterfallShopCell.swift in Sources */ = {isa = PBXBuildFile; fileRef = 785479D11D7570110040CA78 /* WaterfallShopCell.swift */; };
		785479D41D7570110040CA78 /* WaterfallShopCell.xib in Resources */ = {isa = PBXBuildFile; fileRef = 785479D21D7570110040CA78 /* WaterfallShopCell.xib */; };
		788FA4D51D7016230059B8EE /* Main.storyboard in Resources */ = {isa = PBXBuildFile; fileRef = 788FA4D31D7016230059B8EE /* Main.storyboard */; };
		788FA4D71D7016240059B8EE /* Assets.xcassets in Resources */ = {isa = PBXBuildFile; fileRef = 788FA4D61D7016240059B8EE /* Assets.xcassets */; };
		788FA4DA1D7016240059B8EE /* LaunchScreen.storyboard in Resources */ = {isa = PBXBuildFile; fileRef = 788FA4D81D7016240059B8EE /* LaunchScreen.storyboard */; };
/* End PBXBuildFile section */

/* Begin PBXCopyFilesBuildPhase section */
		677C67FF224CD83400492886 /* Embed Frameworks */ = {
			isa = PBXCopyFilesBuildPhase;
			buildActionMask = 8;
			dstPath = "";
			dstSubfolderSpec = 10;
			files = (
			);
			name = "Embed Frameworks";
			runOnlyForDeploymentPostprocessing = 1;
		};
/* End PBXCopyFilesBuildPhase section */

/* Begin PBXFileReference section */
		677C67F4224CCAAF00492886 /* AliyunOSSiOS.framework */ = {isa = PBXFileReference; lastKnownFileType = wrapper.framework; name = AliyunOSSiOS.framework; path = Carthage/Build/iOS/AliyunOSSiOS.framework; sourceTree = "<group>"; };
		67AF4BD02249068E00A53AB6 /* UIScrollView+MJRefresh.m */ = {isa = PBXFileReference; fileEncoding = 4; lastKnownFileType = sourcecode.c.objc; path = "UIScrollView+MJRefresh.m"; sourceTree = "<group>"; };
		67AF4BD12249068E00A53AB6 /* MJRefreshConst.m */ = {isa = PBXFileReference; fileEncoding = 4; lastKnownFileType = sourcecode.c.objc; path = MJRefreshConst.m; sourceTree = "<group>"; };
		67AF4BD22249068E00A53AB6 /* UIScrollView+MJExtension.h */ = {isa = PBXFileReference; fileEncoding = 4; lastKnownFileType = sourcecode.c.h; path = "UIScrollView+MJExtension.h"; sourceTree = "<group>"; };
		67AF4BD32249068E00A53AB6 /* MJRefresh.h */ = {isa = PBXFileReference; fileEncoding = 4; lastKnownFileType = sourcecode.c.h; path = MJRefresh.h; sourceTree = "<group>"; };
		67AF4BD42249068E00A53AB6 /* MJRefresh.bundle */ = {isa = PBXFileReference; lastKnownFileType = "wrapper.plug-in"; path = MJRefresh.bundle; sourceTree = "<group>"; };
		67AF4BD52249068E00A53AB6 /* UIView+MJExtension.h */ = {isa = PBXFileReference; fileEncoding = 4; lastKnownFileType = sourcecode.c.h; path = "UIView+MJExtension.h"; sourceTree = "<group>"; };
		67AF4BD62249068E00A53AB6 /* UIScrollView+MJExtension.m */ = {isa = PBXFileReference; fileEncoding = 4; lastKnownFileType = sourcecode.c.objc; path = "UIScrollView+MJExtension.m"; sourceTree = "<group>"; };
		67AF4BD72249068E00A53AB6 /* MJRefreshConst.h */ = {isa = PBXFileReference; fileEncoding = 4; lastKnownFileType = sourcecode.c.h; path = MJRefreshConst.h; sourceTree = "<group>"; };
		67AF4BD82249068E00A53AB6 /* UIScrollView+MJRefresh.h */ = {isa = PBXFileReference; fileEncoding = 4; lastKnownFileType = sourcecode.c.h; path = "UIScrollView+MJRefresh.h"; sourceTree = "<group>"; };
		67AF4BD92249068E00A53AB6 /* UIView+MJExtension.m */ = {isa = PBXFileReference; fileEncoding = 4; lastKnownFileType = sourcecode.c.objc; path = "UIView+MJExtension.m"; sourceTree = "<group>"; };
		67AF4BDD2249068E00A53AB6 /* MJRefreshBackGifFooter.h */ = {isa = PBXFileReference; fileEncoding = 4; lastKnownFileType = sourcecode.c.h; path = MJRefreshBackGifFooter.h; sourceTree = "<group>"; };
		67AF4BDE2249068E00A53AB6 /* MJRefreshBackStateFooter.h */ = {isa = PBXFileReference; fileEncoding = 4; lastKnownFileType = sourcecode.c.h; path = MJRefreshBackStateFooter.h; sourceTree = "<group>"; };
		67AF4BDF2249068E00A53AB6 /* MJRefreshBackNormalFooter.h */ = {isa = PBXFileReference; fileEncoding = 4; lastKnownFileType = sourcecode.c.h; path = MJRefreshBackNormalFooter.h; sourceTree = "<group>"; };
		67AF4BE02249068E00A53AB6 /* MJRefreshBackGifFooter.m */ = {isa = PBXFileReference; fileEncoding = 4; lastKnownFileType = sourcecode.c.objc; path = MJRefreshBackGifFooter.m; sourceTree = "<group>"; };
		67AF4BE12249068E00A53AB6 /* MJRefreshBackStateFooter.m */ = {isa = PBXFileReference; fileEncoding = 4; lastKnownFileType = sourcecode.c.objc; path = MJRefreshBackStateFooter.m; sourceTree = "<group>"; };
		67AF4BE22249068E00A53AB6 /* MJRefreshBackNormalFooter.m */ = {isa = PBXFileReference; fileEncoding = 4; lastKnownFileType = sourcecode.c.objc; path = MJRefreshBackNormalFooter.m; sourceTree = "<group>"; };
		67AF4BE42249068E00A53AB6 /* MJRefreshAutoStateFooter.h */ = {isa = PBXFileReference; fileEncoding = 4; lastKnownFileType = sourcecode.c.h; path = MJRefreshAutoStateFooter.h; sourceTree = "<group>"; };
		67AF4BE52249068E00A53AB6 /* MJRefreshAutoNormalFooter.h */ = {isa = PBXFileReference; fileEncoding = 4; lastKnownFileType = sourcecode.c.h; path = MJRefreshAutoNormalFooter.h; sourceTree = "<group>"; };
		67AF4BE62249068E00A53AB6 /* MJRefreshAutoGifFooter.h */ = {isa = PBXFileReference; fileEncoding = 4; lastKnownFileType = sourcecode.c.h; path = MJRefreshAutoGifFooter.h; sourceTree = "<group>"; };
		67AF4BE72249068E00A53AB6 /* MJRefreshAutoStateFooter.m */ = {isa = PBXFileReference; fileEncoding = 4; lastKnownFileType = sourcecode.c.objc; path = MJRefreshAutoStateFooter.m; sourceTree = "<group>"; };
		67AF4BE82249068E00A53AB6 /* MJRefreshAutoGifFooter.m */ = {isa = PBXFileReference; fileEncoding = 4; lastKnownFileType = sourcecode.c.objc; path = MJRefreshAutoGifFooter.m; sourceTree = "<group>"; };
		67AF4BE92249068E00A53AB6 /* MJRefreshAutoNormalFooter.m */ = {isa = PBXFileReference; fileEncoding = 4; lastKnownFileType = sourcecode.c.objc; path = MJRefreshAutoNormalFooter.m; sourceTree = "<group>"; };
		67AF4BEB2249068E00A53AB6 /* MJRefreshNormalHeader.m */ = {isa = PBXFileReference; fileEncoding = 4; lastKnownFileType = sourcecode.c.objc; path = MJRefreshNormalHeader.m; sourceTree = "<group>"; };
		67AF4BEC2249068E00A53AB6 /* MJRefreshStateHeader.h */ = {isa = PBXFileReference; fileEncoding = 4; lastKnownFileType = sourcecode.c.h; path = MJRefreshStateHeader.h; sourceTree = "<group>"; };
		67AF4BED2249068E00A53AB6 /* MJRefreshGifHeader.h */ = {isa = PBXFileReference; fileEncoding = 4; lastKnownFileType = sourcecode.c.h; path = MJRefreshGifHeader.h; sourceTree = "<group>"; };
		67AF4BEE2249068E00A53AB6 /* MJRefreshNormalHeader.h */ = {isa = PBXFileReference; fileEncoding = 4; lastKnownFileType = sourcecode.c.h; path = MJRefreshNormalHeader.h; sourceTree = "<group>"; };
		67AF4BEF2249068E00A53AB6 /* MJRefreshStateHeader.m */ = {isa = PBXFileReference; fileEncoding = 4; lastKnownFileType = sourcecode.c.objc; path = MJRefreshStateHeader.m; sourceTree = "<group>"; };
		67AF4BF02249068E00A53AB6 /* MJRefreshGifHeader.m */ = {isa = PBXFileReference; fileEncoding = 4; lastKnownFileType = sourcecode.c.objc; path = MJRefreshGifHeader.m; sourceTree = "<group>"; };
		67AF4BF22249068E00A53AB6 /* MJRefreshFooter.m */ = {isa = PBXFileReference; fileEncoding = 4; lastKnownFileType = sourcecode.c.objc; path = MJRefreshFooter.m; sourceTree = "<group>"; };
		67AF4BF32249068E00A53AB6 /* MJRefreshComponent.h */ = {isa = PBXFileReference; fileEncoding = 4; lastKnownFileType = sourcecode.c.h; path = MJRefreshComponent.h; sourceTree = "<group>"; };
		67AF4BF42249068E00A53AB6 /* MJRefreshHeader.m */ = {isa = PBXFileReference; fileEncoding = 4; lastKnownFileType = sourcecode.c.objc; path = MJRefreshHeader.m; sourceTree = "<group>"; };
		67AF4BF52249068E00A53AB6 /* MJRefreshAutoFooter.h */ = {isa = PBXFileReference; fileEncoding = 4; lastKnownFileType = sourcecode.c.h; path = MJRefreshAutoFooter.h; sourceTree = "<group>"; };
		67AF4BF62249068E00A53AB6 /* MJRefreshBackFooter.m */ = {isa = PBXFileReference; fileEncoding = 4; lastKnownFileType = sourcecode.c.objc; path = MJRefreshBackFooter.m; sourceTree = "<group>"; };
		67AF4BF72249068E00A53AB6 /* MJRefreshAutoFooter.m */ = {isa = PBXFileReference; fileEncoding = 4; lastKnownFileType = sourcecode.c.objc; path = MJRefreshAutoFooter.m; sourceTree = "<group>"; };
		67AF4BF82249068E00A53AB6 /* MJRefreshHeader.h */ = {isa = PBXFileReference; fileEncoding = 4; lastKnownFileType = sourcecode.c.h; path = MJRefreshHeader.h; sourceTree = "<group>"; };
		67AF4BF92249068E00A53AB6 /* MJRefreshComponent.m */ = {isa = PBXFileReference; fileEncoding = 4; lastKnownFileType = sourcecode.c.objc; path = MJRefreshComponent.m; sourceTree = "<group>"; };
		67AF4BFA2249068E00A53AB6 /* MJRefreshFooter.h */ = {isa = PBXFileReference; fileEncoding = 4; lastKnownFileType = sourcecode.c.h; path = MJRefreshFooter.h; sourceTree = "<group>"; };
		67AF4BFB2249068E00A53AB6 /* MJRefreshBackFooter.h */ = {isa = PBXFileReference; fileEncoding = 4; lastKnownFileType = sourcecode.c.h; path = MJRefreshBackFooter.h; sourceTree = "<group>"; };
		67AF4C102249084B00A53AB6 /* Kingfisher.framework */ = {isa = PBXFileReference; lastKnownFileType = wrapper.framework; name = Kingfisher.framework; path = Carthage/Build/iOS/Kingfisher.framework; sourceTree = "<group>"; };
		785479251D7539C10040CA78 /* ViewController.swift */ = {isa = PBXFileReference; fileEncoding = 4; lastKnownFileType = sourcecode.swift; path = ViewController.swift; sourceTree = "<group>"; };
		785479281D7539C10040CA78 /* WaterfallLayout.swift */ = {isa = PBXFileReference; fileEncoding = 4; lastKnownFileType = sourcecode.swift; path = WaterfallLayout.swift; sourceTree = "<group>"; };
		7854792A1D7539C10040CA78 /* AppDelegate.swift */ = {isa = PBXFileReference; fileEncoding = 4; lastKnownFileType = sourcecode.swift; path = AppDelegate.swift; sourceTree = "<group>"; };
		7854792C1D7539C10040CA78 /* Shop.plist */ = {isa = PBXFileReference; fileEncoding = 4; lastKnownFileType = text.plist.xml; path = Shop.plist; sourceTree = "<group>"; };
		785479351D753B510040CA78 /* Shop.swift */ = {isa = PBXFileReference; fileEncoding = 4; lastKnownFileType = sourcecode.swift; path = Shop.swift; sourceTree = "<group>"; };
		785479D01D754D540040CA78 /* Bridging-Header.h */ = {isa = PBXFileReference; lastKnownFileType = sourcecode.c.h; path = "Bridging-Header.h"; sourceTree = "<group>"; };
		785479D11D7570110040CA78 /* WaterfallShopCell.swift */ = {isa = PBXFileReference; fileEncoding = 4; lastKnownFileType = sourcecode.swift; path = WaterfallShopCell.swift; sourceTree = "<group>"; };
		785479D21D7570110040CA78 /* WaterfallShopCell.xib */ = {isa = PBXFileReference; fileEncoding = 4; lastKnownFileType = file.xib; path = WaterfallShopCell.xib; sourceTree = "<group>"; };
		788FA4CC1D7016230059B8EE /* 瀑布流Swift.app */ = {isa = PBXFileReference; explicitFileType = wrapper.application; includeInIndex = 0; path = "瀑布流Swift.app"; sourceTree = BUILT_PRODUCTS_DIR; };
		788FA4D41D7016230059B8EE /* Base */ = {isa = PBXFileReference; lastKnownFileType = file.storyboard; name = Base; path = Base.lproj/Main.storyboard; sourceTree = "<group>"; };
		788FA4D61D7016240059B8EE /* Assets.xcassets */ = {isa = PBXFileReference; lastKnownFileType = folder.assetcatalog; path = Assets.xcassets; sourceTree = "<group>"; };
		788FA4D91D7016240059B8EE /* Base */ = {isa = PBXFileReference; lastKnownFileType = file.storyboard; name = Base; path = Base.lproj/LaunchScreen.storyboard; sourceTree = "<group>"; };
		788FA4DB1D7016240059B8EE /* Info.plist */ = {isa = PBXFileReference; lastKnownFileType = text.plist.xml; path = Info.plist; sourceTree = "<group>"; };
/* End PBXFileReference section */

/* Begin PBXFrameworksBuildPhase section */
		788FA4C91D7016230059B8EE /* Frameworks */ = {
			isa = PBXFrameworksBuildPhase;
			buildActionMask = 2147483647;
			files = (
				67AF4C13224908B700A53AB6 /* Kingfisher.framework in Frameworks */,
			);
			runOnlyForDeploymentPostprocessing = 0;
		};
/* End PBXFrameworksBuildPhase section */

/* Begin PBXGroup section */
		67AF4BCF2249068E00A53AB6 /* MJRefresh */ = {
			isa = PBXGroup;
			children = (
				67AF4BD02249068E00A53AB6 /* UIScrollView+MJRefresh.m */,
				67AF4BD12249068E00A53AB6 /* MJRefreshConst.m */,
				67AF4BD22249068E00A53AB6 /* UIScrollView+MJExtension.h */,
				67AF4BD32249068E00A53AB6 /* MJRefresh.h */,
				67AF4BD42249068E00A53AB6 /* MJRefresh.bundle */,
				67AF4BD52249068E00A53AB6 /* UIView+MJExtension.h */,
				67AF4BD62249068E00A53AB6 /* UIScrollView+MJExtension.m */,
				67AF4BD72249068E00A53AB6 /* MJRefreshConst.h */,
				67AF4BD82249068E00A53AB6 /* UIScrollView+MJRefresh.h */,
				67AF4BD92249068E00A53AB6 /* UIView+MJExtension.m */,
				67AF4BDA2249068E00A53AB6 /* Custom */,
				67AF4BF12249068E00A53AB6 /* Base */,
			);
			path = MJRefresh;
			sourceTree = "<group>";
		};
		67AF4BDA2249068E00A53AB6 /* Custom */ = {
			isa = PBXGroup;
			children = (
				67AF4BDB2249068E00A53AB6 /* Footer */,
				67AF4BEA2249068E00A53AB6 /* Header */,
			);
			path = Custom;
			sourceTree = "<group>";
		};
		67AF4BDB2249068E00A53AB6 /* Footer */ = {
			isa = PBXGroup;
			children = (
				67AF4BDC2249068E00A53AB6 /* Back */,
				67AF4BE32249068E00A53AB6 /* Auto */,
			);
			path = Footer;
			sourceTree = "<group>";
		};
		67AF4BDC2249068E00A53AB6 /* Back */ = {
			isa = PBXGroup;
			children = (
				67AF4BDD2249068E00A53AB6 /* MJRefreshBackGifFooter.h */,
				67AF4BDE2249068E00A53AB6 /* MJRefreshBackStateFooter.h */,
				67AF4BDF2249068E00A53AB6 /* MJRefreshBackNormalFooter.h */,
				67AF4BE02249068E00A53AB6 /* MJRefreshBackGifFooter.m */,
				67AF4BE12249068E00A53AB6 /* MJRefreshBackStateFooter.m */,
				67AF4BE22249068E00A53AB6 /* MJRefreshBackNormalFooter.m */,
			);
			path = Back;
			sourceTree = "<group>";
		};
		67AF4BE32249068E00A53AB6 /* Auto */ = {
			isa = PBXGroup;
			children = (
				67AF4BE42249068E00A53AB6 /* MJRefreshAutoStateFooter.h */,
				67AF4BE52249068E00A53AB6 /* MJRefreshAutoNormalFooter.h */,
				67AF4BE62249068E00A53AB6 /* MJRefreshAutoGifFooter.h */,
				67AF4BE72249068E00A53AB6 /* MJRefreshAutoStateFooter.m */,
				67AF4BE82249068E00A53AB6 /* MJRefreshAutoGifFooter.m */,
				67AF4BE92249068E00A53AB6 /* MJRefreshAutoNormalFooter.m */,
			);
			path = Auto;
			sourceTree = "<group>";
		};
		67AF4BEA2249068E00A53AB6 /* Header */ = {
			isa = PBXGroup;
			children = (
				67AF4BEB2249068E00A53AB6 /* MJRefreshNormalHeader.m */,
				67AF4BEC2249068E00A53AB6 /* MJRefreshStateHeader.h */,
				67AF4BED2249068E00A53AB6 /* MJRefreshGifHeader.h */,
				67AF4BEE2249068E00A53AB6 /* MJRefreshNormalHeader.h */,
				67AF4BEF2249068E00A53AB6 /* MJRefreshStateHeader.m */,
				67AF4BF02249068E00A53AB6 /* MJRefreshGifHeader.m */,
			);
			path = Header;
			sourceTree = "<group>";
		};
		67AF4BF12249068E00A53AB6 /* Base */ = {
			isa = PBXGroup;
			children = (
				67AF4BF22249068E00A53AB6 /* MJRefreshFooter.m */,
				67AF4BF32249068E00A53AB6 /* MJRefreshComponent.h */,
				67AF4BF42249068E00A53AB6 /* MJRefreshHeader.m */,
				67AF4BF52249068E00A53AB6 /* MJRefreshAutoFooter.h */,
				67AF4BF62249068E00A53AB6 /* MJRefreshBackFooter.m */,
				67AF4BF72249068E00A53AB6 /* MJRefreshAutoFooter.m */,
				67AF4BF82249068E00A53AB6 /* MJRefreshHeader.h */,
				67AF4BF92249068E00A53AB6 /* MJRefreshComponent.m */,
				67AF4BFA2249068E00A53AB6 /* MJRefreshFooter.h */,
				67AF4BFB2249068E00A53AB6 /* MJRefreshBackFooter.h */,
			);
			path = Base;
			sourceTree = "<group>";
		};
		67AF4C0F2249084A00A53AB6 /* Frameworks */ = {
			isa = PBXGroup;
			children = (
				677C67F4224CCAAF00492886 /* AliyunOSSiOS.framework */,
				67AF4C102249084B00A53AB6 /* Kingfisher.framework */,
			);
			name = Frameworks;
			sourceTree = "<group>";
		};
		785479231D7539C10040CA78 /* Classes */ = {
			isa = PBXGroup;
			children = (
				785479271D7539C10040CA78 /* View */,
				785479261D7539C10040CA78 /* Model */,
				785479241D7539C10040CA78 /* Controller */,
				785479281D7539C10040CA78 /* WaterfallLayout.swift */,
			);
			path = Classes;
			sourceTree = "<group>";
		};
		785479241D7539C10040CA78 /* Controller */ = {
			isa = PBXGroup;
			children = (
				785479251D7539C10040CA78 /* ViewController.swift */,
			);
			path = Controller;
			sourceTree = "<group>";
		};
		785479261D7539C10040CA78 /* Model */ = {
			isa = PBXGroup;
			children = (
				785479351D753B510040CA78 /* Shop.swift */,
			);
			path = Model;
			sourceTree = "<group>";
		};
		785479271D7539C10040CA78 /* View */ = {
			isa = PBXGroup;
			children = (
				785479D11D7570110040CA78 /* WaterfallShopCell.swift */,
				785479D21D7570110040CA78 /* WaterfallShopCell.xib */,
			);
			path = View;
			sourceTree = "<group>";
		};
		785479291D7539C10040CA78 /* Others */ = {
			isa = PBXGroup;
			children = (
				7854792B1D7539C10040CA78 /* Libs */,
				7854792A1D7539C10040CA78 /* AppDelegate.swift */,
				7854792C1D7539C10040CA78 /* Shop.plist */,
				785479D01D754D540040CA78 /* Bridging-Header.h */,
			);
			path = Others;
			sourceTree = "<group>";
		};
		7854792B1D7539C10040CA78 /* Libs */ = {
			isa = PBXGroup;
			children = (
				67AF4BCF2249068E00A53AB6 /* MJRefresh */,
			);
			path = Libs;
			sourceTree = "<group>";
		};
		788FA4C31D7016230059B8EE = {
			isa = PBXGroup;
			children = (
				788FA4CE1D7016230059B8EE /* 瀑布流Swift */,
				788FA4CD1D7016230059B8EE /* Products */,
				67AF4C0F2249084A00A53AB6 /* Frameworks */,
			);
			sourceTree = "<group>";
		};
		788FA4CD1D7016230059B8EE /* Products */ = {
			isa = PBXGroup;
			children = (
				788FA4CC1D7016230059B8EE /* 瀑布流Swift.app */,
			);
			name = Products;
			sourceTree = "<group>";
		};
		788FA4CE1D7016230059B8EE /* 瀑布流Swift */ = {
			isa = PBXGroup;
			children = (
				785479231D7539C10040CA78 /* Classes */,
				785479291D7539C10040CA78 /* Others */,
				788FA4D31D7016230059B8EE /* Main.storyboard */,
				788FA4D61D7016240059B8EE /* Assets.xcassets */,
				788FA4D81D7016240059B8EE /* LaunchScreen.storyboard */,
				788FA4DB1D7016240059B8EE /* Info.plist */,
			);
			path = "瀑布流Swift";
			sourceTree = "<group>";
		};
/* End PBXGroup section */

/* Begin PBXNativeTarget section */
		788FA4CB1D7016230059B8EE /* 瀑布流Swift */ = {
			isa = PBXNativeTarget;
			buildConfigurationList = 788FA4DE1D7016240059B8EE /* Build configuration list for PBXNativeTarget "瀑布流Swift" */;
			buildPhases = (
				788FA4C81D7016230059B8EE /* Sources */,
				788FA4C91D7016230059B8EE /* Frameworks */,
				788FA4CA1D7016230059B8EE /* Resources */,
				67AF4C122249087E00A53AB6 /* ShellScript */,
				677C67FF224CD83400492886 /* Embed Frameworks */,
			);
			buildRules = (
			);
			dependencies = (
			);
			name = "瀑布流Swift";
			productName = "瀑布流Swift";
			productReference = 788FA4CC1D7016230059B8EE /* 瀑布流Swift.app */;
			productType = "com.apple.product-type.application";
		};
/* End PBXNativeTarget section */

/* Begin PBXProject section */
		788FA4C41D7016230059B8EE /* Project object */ = {
			isa = PBXProject;
			attributes = {
				LastSwiftUpdateCheck = 0730;
				LastUpgradeCheck = 1010;
				ORGANIZATIONNAME = SaiDicaprio;
				TargetAttributes = {
					788FA4CB1D7016230059B8EE = {
						CreatedOnToolsVersion = 7.3.1;
						DevelopmentTeam = 7R3MSEN8NJ;
						LastSwiftMigration = 1020;
					};
				};
			};
			buildConfigurationList = 788FA4C71D7016230059B8EE /* Build configuration list for PBXProject "瀑布流Swift" */;
			compatibilityVersion = "Xcode 3.2";
			developmentRegion = English;
			hasScannedForEncodings = 0;
			knownRegions = (
				English,
				en,
				Base,
			);
			mainGroup = 788FA4C31D7016230059B8EE;
			productRefGroup = 788FA4CD1D7016230059B8EE /* Products */;
			projectDirPath = "";
			projectRoot = "";
			targets = (
				788FA4CB1D7016230059B8EE /* 瀑布流Swift */,
			);
		};
/* End PBXProject section */

/* Begin PBXResourcesBuildPhase section */
		788FA4CA1D7016230059B8EE /* Resources */ = {
			isa = PBXResourcesBuildPhase;
			buildActionMask = 2147483647;
			files = (
				788FA4DA1D7016240059B8EE /* LaunchScreen.storyboard in Resources */,
				785479D41D7570110040CA78 /* WaterfallShopCell.xib in Resources */,
				67AF4BFE2249068F00A53AB6 /* MJRefresh.bundle in Resources */,
				788FA4D71D7016240059B8EE /* Assets.xcassets in Resources */,
				785479301D7539C10040CA78 /* Shop.plist in Resources */,
				788FA4D51D7016230059B8EE /* Main.storyboard in Resources */,
			);
			runOnlyForDeploymentPostprocessing = 0;
		};
/* End PBXResourcesBuildPhase section */

/* Begin PBXShellScriptBuildPhase section */
		67AF4C122249087E00A53AB6 /* ShellScript */ = {
			isa = PBXShellScriptBuildPhase;
			buildActionMask = 2147483647;
			files = (
			);
			inputFileListPaths = (
			);
			inputPaths = (
				"$(SRCROOT)/Carthage/Build/iOS/Kingfisher.framework",
			);
			outputFileListPaths = (
			);
			outputPaths = (
			);
			runOnlyForDeploymentPostprocessing = 0;
			shellPath = /bin/sh;
			shellScript = "/usr/local/bin/Carthage copy-frameworks\n";
		};
/* End PBXShellScriptBuildPhase section */

/* Begin PBXSourcesBuildPhase section */
		788FA4C81D7016230059B8EE /* Sources */ = {
			isa = PBXSourcesBuildPhase;
			buildActionMask = 2147483647;
			files = (
				67AF4C0C2249068F00A53AB6 /* MJRefreshBackFooter.m in Sources */,
				7854792F1D7539C10040CA78 /* AppDelegate.swift in Sources */,
				67AF4C052249068F00A53AB6 /* MJRefreshAutoGifFooter.m in Sources */,
				67AF4C022249068F00A53AB6 /* MJRefreshBackStateFooter.m in Sources */,
				7854792D1D7539C10040CA78 /* ViewController.swift in Sources */,
				67AF4BFC2249068F00A53AB6 /* UIScrollView+MJRefresh.m in Sources */,
				67AF4C012249068F00A53AB6 /* MJRefreshBackGifFooter.m in Sources */,
				67AF4C092249068F00A53AB6 /* MJRefreshGifHeader.m in Sources */,
				67AF4C0E2249068F00A53AB6 /* MJRefreshComponent.m in Sources */,
				67AF4BFD2249068F00A53AB6 /* MJRefreshConst.m in Sources */,
				67AF4C002249068F00A53AB6 /* UIView+MJExtension.m in Sources */,
				67AF4C0D2249068F00A53AB6 /* MJRefreshAutoFooter.m in Sources */,
				67AF4BFF2249068F00A53AB6 /* UIScrollView+MJExtension.m in Sources */,
				67AF4C042249068F00A53AB6 /* MJRefreshAutoStateFooter.m in Sources */,
				67AF4C072249068F00A53AB6 /* MJRefreshNormalHeader.m in Sources */,
				7854792E1D7539C10040CA78 /* WaterfallLayout.swift in Sources */,
				67AF4C0A2249068F00A53AB6 /* MJRefreshFooter.m in Sources */,
				67AF4C062249068F00A53AB6 /* MJRefreshAutoNormalFooter.m in Sources */,
				67AF4C0B2249068F00A53AB6 /* MJRefreshHeader.m in Sources */,
				67AF4C032249068F00A53AB6 /* MJRefreshBackNormalFooter.m in Sources */,
				785479D31D7570110040CA78 /* WaterfallShopCell.swift in Sources */,
				67AF4C082249068F00A53AB6 /* MJRefreshStateHeader.m in Sources */,
				785479361D753B510040CA78 /* Shop.swift in Sources */,
			);
			runOnlyForDeploymentPostprocessing = 0;
		};
/* End PBXSourcesBuildPhase section */

/* Begin PBXVariantGroup section */
		788FA4D31D7016230059B8EE /* Main.storyboard */ = {
			isa = PBXVariantGroup;
			children = (
				788FA4D41D7016230059B8EE /* Base */,
			);
			name = Main.storyboard;
			sourceTree = "<group>";
		};
		788FA4D81D7016240059B8EE /* LaunchScreen.storyboard */ = {
			isa = PBXVariantGroup;
			children = (
				788FA4D91D7016240059B8EE /* Base */,
			);
			name = LaunchScreen.storyboard;
			sourceTree = "<group>";
		};
/* End PBXVariantGroup section */

/* Begin XCBuildConfiguration section */
		788FA4DC1D7016240059B8EE /* Debug */ = {
			isa = XCBuildConfiguration;
			buildSettings = {
				ALWAYS_SEARCH_USER_PATHS = NO;
				CLANG_ANALYZER_NONNULL = YES;
				CLANG_CXX_LANGUAGE_STANDARD = "gnu++0x";
				CLANG_CXX_LIBRARY = "libc++";
				CLANG_ENABLE_MODULES = YES;
				CLANG_ENABLE_OBJC_ARC = YES;
				CLANG_WARN_BLOCK_CAPTURE_AUTORELEASING = YES;
				CLANG_WARN_BOOL_CONVERSION = YES;
				CLANG_WARN_COMMA = YES;
				CLANG_WARN_CONSTANT_CONVERSION = YES;
				CLANG_WARN_DEPRECATED_OBJC_IMPLEMENTATIONS = YES;
				CLANG_WARN_DIRECT_OBJC_ISA_USAGE = YES_ERROR;
				CLANG_WARN_EMPTY_BODY = YES;
				CLANG_WARN_ENUM_CONVERSION = YES;
				CLANG_WARN_INFINITE_RECURSION = YES;
				CLANG_WARN_INT_CONVERSION = YES;
				CLANG_WARN_NON_LITERAL_NULL_CONVERSION = YES;
				CLANG_WARN_OBJC_IMPLICIT_RETAIN_SELF = YES;
				CLANG_WARN_OBJC_LITERAL_CONVERSION = YES;
				CLANG_WARN_OBJC_ROOT_CLASS = YES_ERROR;
				CLANG_WARN_RANGE_LOOP_ANALYSIS = YES;
				CLANG_WARN_STRICT_PROTOTYPES = YES;
				CLANG_WARN_SUSPICIOUS_MOVE = YES;
				CLANG_WARN_UNREACHABLE_CODE = YES;
				CLANG_WARN__DUPLICATE_METHOD_MATCH = YES;
				"CODE_SIGN_IDENTITY[sdk=iphoneos*]" = "iPhone Developer";
				COPY_PHASE_STRIP = NO;
				DEBUG_INFORMATION_FORMAT = dwarf;
				ENABLE_STRICT_OBJC_MSGSEND = YES;
				ENABLE_TESTABILITY = YES;
				GCC_C_LANGUAGE_STANDARD = gnu99;
				GCC_DYNAMIC_NO_PIC = NO;
				GCC_NO_COMMON_BLOCKS = YES;
				GCC_OPTIMIZATION_LEVEL = 0;
				GCC_PREPROCESSOR_DEFINITIONS = (
					"DEBUG=1",
					"$(inherited)",
				);
				GCC_WARN_64_TO_32_BIT_CONVERSION = YES;
				GCC_WARN_ABOUT_RETURN_TYPE = YES_ERROR;
				GCC_WARN_UNDECLARED_SELECTOR = YES;
				GCC_WARN_UNINITIALIZED_AUTOS = YES_AGGRESSIVE;
				GCC_WARN_UNUSED_FUNCTION = YES;
				GCC_WARN_UNUSED_VARIABLE = YES;
				IPHONEOS_DEPLOYMENT_TARGET = 9.3;
				MTL_ENABLE_DEBUG_INFO = YES;
				ONLY_ACTIVE_ARCH = YES;
				SDKROOT = iphoneos;
				SWIFT_OPTIMIZATION_LEVEL = "-Onone";
			};
			name = Debug;
		};
		788FA4DD1D7016240059B8EE /* Release */ = {
			isa = XCBuildConfiguration;
			buildSettings = {
				ALWAYS_SEARCH_USER_PATHS = NO;
				CLANG_ANALYZER_NONNULL = YES;
				CLANG_CXX_LANGUAGE_STANDARD = "gnu++0x";
				CLANG_CXX_LIBRARY = "libc++";
				CLANG_ENABLE_MODULES = YES;
				CLANG_ENABLE_OBJC_ARC = YES;
				CLANG_WARN_BLOCK_CAPTURE_AUTORELEASING = YES;
				CLANG_WARN_BOOL_CONVERSION = YES;
				CLANG_WARN_COMMA = YES;
				CLANG_WARN_CONSTANT_CONVERSION = YES;
				CLANG_WARN_DEPRECATED_OBJC_IMPLEMENTATIONS = YES;
				CLANG_WARN_DIRECT_OBJC_ISA_USAGE = YES_ERROR;
				CLANG_WARN_EMPTY_BODY = YES;
				CLANG_WARN_ENUM_CONVERSION = YES;
				CLANG_WARN_INFINITE_RECURSION = YES;
				CLANG_WARN_INT_CONVERSION = YES;
				CLANG_WARN_NON_LITERAL_NULL_CONVERSION = YES;
				CLANG_WARN_OBJC_IMPLICIT_RETAIN_SELF = YES;
				CLANG_WARN_OBJC_LITERAL_CONVERSION = YES;
				CLANG_WARN_OBJC_ROOT_CLASS = YES_ERROR;
				CLANG_WARN_RANGE_LOOP_ANALYSIS = YES;
				CLANG_WARN_STRICT_PROTOTYPES = YES;
				CLANG_WARN_SUSPICIOUS_MOVE = YES;
				CLANG_WARN_UNREACHABLE_CODE = YES;
				CLANG_WARN__DUPLICATE_METHOD_MATCH = YES;
				"CODE_SIGN_IDENTITY[sdk=iphoneos*]" = "iPhone Developer";
				COPY_PHASE_STRIP = NO;
				DEBUG_INFORMATION_FORMAT = "dwarf-with-dsym";
				ENABLE_NS_ASSERTIONS = NO;
				ENABLE_STRICT_OBJC_MSGSEND = YES;
				GCC_C_LANGUAGE_STANDARD = gnu99;
				GCC_NO_COMMON_BLOCKS = YES;
				GCC_WARN_64_TO_32_BIT_CONVERSION = YES;
				GCC_WARN_ABOUT_RETURN_TYPE = YES_ERROR;
				GCC_WARN_UNDECLARED_SELECTOR = YES;
				GCC_WARN_UNINITIALIZED_AUTOS = YES_AGGRESSIVE;
				GCC_WARN_UNUSED_FUNCTION = YES;
				GCC_WARN_UNUSED_VARIABLE = YES;
				IPHONEOS_DEPLOYMENT_TARGET = 9.3;
				MTL_ENABLE_DEBUG_INFO = NO;
				SDKROOT = iphoneos;
				SWIFT_COMPILATION_MODE = wholemodule;
				VALIDATE_PRODUCT = YES;
			};
			name = Release;
		};
		788FA4DF1D7016240059B8EE /* Debug */ = {
			isa = XCBuildConfiguration;
			buildSettings = {
				ASSETCATALOG_COMPILER_APPICON_NAME = AppIcon;
				DEVELOPMENT_TEAM = 7R3MSEN8NJ;
				ENABLE_BITCODE = NO;
				FRAMEWORK_SEARCH_PATHS = (
					"$(inherited)",
					"$(PROJECT_DIR)/Carthage/Build/iOS",
				);
				INFOPLIST_FILE = "瀑布流Swift/Info.plist";
				IPHONEOS_DEPLOYMENT_TARGET = 10.0;
				LD_RUNPATH_SEARCH_PATHS = "$(inherited) @executable_path/Frameworks";
				PRODUCT_BUNDLE_IDENTIFIER = com.SaiDicaprio.Waterfall;
				PRODUCT_NAME = "$(TARGET_NAME)";
				SWIFT_OBJC_BRIDGING_HEADER = "瀑布流Swift/Others/Bridging-Header.h";
				SWIFT_VERSION = 5.0;
			};
			name = Debug;
		};
		788FA4E01D7016240059B8EE /* Release */ = {
			isa = XCBuildConfiguration;
			buildSettings = {
				ASSETCATALOG_COMPILER_APPICON_NAME = AppIcon;
				DEVELOPMENT_TEAM = 7R3MSEN8NJ;
				ENABLE_BITCODE = NO;
				FRAMEWORK_SEARCH_PATHS = (
					"$(inherited)",
					"$(PROJECT_DIR)/Carthage/Build/iOS",
				);
				INFOPLIST_FILE = "瀑布流Swift/Info.plist";
				IPHONEOS_DEPLOYMENT_TARGET = 10.0;
				LD_RUNPATH_SEARCH_PATHS = "$(inherited) @executable_path/Frameworks";
				PRODUCT_BUNDLE_IDENTIFIER = com.SaiDicaprio.Waterfall;
				PRODUCT_NAME = "$(TARGET_NAME)";
				SWIFT_OBJC_BRIDGING_HEADER = "瀑布流Swift/Others/Bridging-Header.h";
				SWIFT_VERSION = 5.0;
			};
			name = Release;
		};
/* End XCBuildConfiguration section */

/* Begin XCConfigurationList section */
		788FA4C71D7016230059B8EE /* Build configuration list for PBXProject "瀑布流Swift" */ = {
			isa = XCConfigurationList;
			buildConfigurations = (
				788FA4DC1D7016240059B8EE /* Debug */,
				788FA4DD1D7016240059B8EE /* Release */,
			);
			defaultConfigurationIsVisible = 0;
			defaultConfigurationName = Release;
		};
		788FA4DE1D7016240059B8EE /* Build configuration list for PBXNativeTarget "瀑布流Swift" */ = {
			isa = XCConfigurationList;
			buildConfigurations = (
				788FA4DF1D7016240059B8EE /* Debug */,
				788FA4E01D7016240059B8EE /* Release */,
			);
			defaultConfigurationIsVisible = 0;
			defaultConfigurationName = Release;
		};
/* End XCConfigurationList section */
	};
	rootObject = 788FA4C41D7016230059B8EE /* Project object */;
}
