// !$*UTF8*$!
{
	archiveVersion = 1;
	classes = {
	};
	objectVersion = 46;
	objects = {

/* Begin PBXBuildFile section */
		781187341D78325900B310E8 /* MJRefreshAutoFooter.m in Sources */ = {isa = PBXBuildFile; fileRef = 7811870A1D78325900B310E8 /* MJRefreshAutoFooter.m */; };
		781187351D78325900B310E8 /* MJRefreshBackFooter.m in Sources */ = {isa = PBXBuildFile; fileRef = 7811870C1D78325900B310E8 /* MJRefreshBackFooter.m */; };
		781187361D78325900B310E8 /* MJRefreshComponent.m in Sources */ = {isa = PBXBuildFile; fileRef = 7811870E1D78325900B310E8 /* MJRefreshComponent.m */; };
		781187371D78325900B310E8 /* MJRefreshFooter.m in Sources */ = {isa = PBXBuildFile; fileRef = 781187101D78325900B310E8 /* MJRefreshFooter.m */; };
		781187381D78325900B310E8 /* MJRefreshHeader.m in Sources */ = {isa = PBXBuildFile; fileRef = 781187121D78325900B310E8 /* MJRefreshHeader.m */; };
		781187391D78325900B310E8 /* MJRefreshAutoGifFooter.m in Sources */ = {isa = PBXBuildFile; fileRef = 781187171D78325900B310E8 /* MJRefreshAutoGifFooter.m */; };
		7811873A1D78325900B310E8 /* MJRefreshAutoNormalFooter.m in Sources */ = {isa = PBXBuildFile; fileRef = 781187191D78325900B310E8 /* MJRefreshAutoNormalFooter.m */; };
		7811873B1D78325900B310E8 /* MJRefreshAutoStateFooter.m in Sources */ = {isa = PBXBuildFile; fileRef = 7811871B1D78325900B310E8 /* MJRefreshAutoStateFooter.m */; };
		7811873C1D78325900B310E8 /* MJRefreshBackGifFooter.m in Sources */ = {isa = PBXBuildFile; fileRef = 7811871E1D78325900B310E8 /* MJRefreshBackGifFooter.m */; };
		7811873D1D78325900B310E8 /* MJRefreshBackNormalFooter.m in Sources */ = {isa = PBXBuildFile; fileRef = 781187201D78325900B310E8 /* MJRefreshBackNormalFooter.m */; };
		7811873E1D78325900B310E8 /* MJRefreshBackStateFooter.m in Sources */ = {isa = PBXBuildFile; fileRef = 781187221D78325900B310E8 /* MJRefreshBackStateFooter.m */; };
		7811873F1D78325900B310E8 /* MJRefreshGifHeader.m in Sources */ = {isa = PBXBuildFile; fileRef = 781187251D78325900B310E8 /* MJRefreshGifHeader.m */; };
		781187401D78325900B310E8 /* MJRefreshNormalHeader.m in Sources */ = {isa = PBXBuildFile; fileRef = 781187271D78325900B310E8 /* MJRefreshNormalHeader.m */; };
		781187411D78325900B310E8 /* MJRefreshStateHeader.m in Sources */ = {isa = PBXBuildFile; fileRef = 781187291D78325900B310E8 /* MJRefreshStateHeader.m */; };
		781187421D78325900B310E8 /* MJRefresh.bundle in Resources */ = {isa = PBXBuildFile; fileRef = 7811872A1D78325900B310E8 /* MJRefresh.bundle */; };
		781187431D78325900B310E8 /* MJRefreshConst.m in Sources */ = {isa = PBXBuildFile; fileRef = 7811872D1D78325900B310E8 /* MJRefreshConst.m */; };
		781187441D78325900B310E8 /* UIScrollView+MJExtension.m in Sources */ = {isa = PBXBuildFile; fileRef = 7811872F1D78325900B310E8 /* UIScrollView+MJExtension.m */; };
		781187451D78325900B310E8 /* UIScrollView+MJRefresh.m in Sources */ = {isa = PBXBuildFile; fileRef = 781187311D78325900B310E8 /* UIScrollView+MJRefresh.m */; };
		781187461D78325900B310E8 /* UIView+MJExtension.m in Sources */ = {isa = PBXBuildFile; fileRef = 781187331D78325900B310E8 /* UIView+MJExtension.m */; };
		7854792D1D7539C10040CA78 /* ViewController.swift in Sources */ = {isa = PBXBuildFile; fileRef = 785479251D7539C10040CA78 /* ViewController.swift */; };
		7854792E1D7539C10040CA78 /* WaterfallLayout.swift in Sources */ = {isa = PBXBuildFile; fileRef = 785479281D7539C10040CA78 /* WaterfallLayout.swift */; };
		7854792F1D7539C10040CA78 /* AppDelegate.swift in Sources */ = {isa = PBXBuildFile; fileRef = 7854792A1D7539C10040CA78 /* AppDelegate.swift */; };
		785479301D7539C10040CA78 /* Shop.plist in Resources */ = {isa = PBXBuildFile; fileRef = 7854792C1D7539C10040CA78 /* Shop.plist */; };
		785479361D753B510040CA78 /* Shop.swift in Sources */ = {isa = PBXBuildFile; fileRef = 785479351D753B510040CA78 /* Shop.swift */; };
		785479C01D754C990040CA78 /* MKAnnotationView+WebCache.m in Sources */ = {isa = PBXBuildFile; fileRef = 785479821D754C990040CA78 /* MKAnnotationView+WebCache.m */; };
		785479C11D754C990040CA78 /* NSData+ImageContentType.m in Sources */ = {isa = PBXBuildFile; fileRef = 785479841D754C990040CA78 /* NSData+ImageContentType.m */; };
		785479C21D754C990040CA78 /* SDImageCache.m in Sources */ = {isa = PBXBuildFile; fileRef = 785479861D754C990040CA78 /* SDImageCache.m */; };
		785479C31D754C990040CA78 /* SDWebImageCompat.m in Sources */ = {isa = PBXBuildFile; fileRef = 785479881D754C990040CA78 /* SDWebImageCompat.m */; };
		785479C41D754C990040CA78 /* SDWebImageDecoder.m in Sources */ = {isa = PBXBuildFile; fileRef = 7854798A1D754C990040CA78 /* SDWebImageDecoder.m */; };
		785479C51D754C990040CA78 /* SDWebImageDownloader.m in Sources */ = {isa = PBXBuildFile; fileRef = 7854798C1D754C990040CA78 /* SDWebImageDownloader.m */; };
		785479C61D754C990040CA78 /* SDWebImageDownloaderOperation.m in Sources */ = {isa = PBXBuildFile; fileRef = 7854798E1D754C990040CA78 /* SDWebImageDownloaderOperation.m */; };
		785479C71D754C990040CA78 /* SDWebImageManager.m in Sources */ = {isa = PBXBuildFile; fileRef = 785479901D754C990040CA78 /* SDWebImageManager.m */; };
		785479C81D754C990040CA78 /* SDWebImagePrefetcher.m in Sources */ = {isa = PBXBuildFile; fileRef = 785479931D754C990040CA78 /* SDWebImagePrefetcher.m */; };
		785479C91D754C990040CA78 /* UIButton+WebCache.m in Sources */ = {isa = PBXBuildFile; fileRef = 785479951D754C990040CA78 /* UIButton+WebCache.m */; };
		785479CA1D754C990040CA78 /* UIImage+GIF.m in Sources */ = {isa = PBXBuildFile; fileRef = 785479971D754C990040CA78 /* UIImage+GIF.m */; };
		785479CB1D754C990040CA78 /* UIImage+MultiFormat.m in Sources */ = {isa = PBXBuildFile; fileRef = 785479991D754C990040CA78 /* UIImage+MultiFormat.m */; };
		785479CC1D754C990040CA78 /* UIImage+WebP.m in Sources */ = {isa = PBXBuildFile; fileRef = 7854799B1D754C990040CA78 /* UIImage+WebP.m */; };
		785479CD1D754C990040CA78 /* UIImageView+HighlightedWebCache.m in Sources */ = {isa = PBXBuildFile; fileRef = 7854799D1D754C990040CA78 /* UIImageView+HighlightedWebCache.m */; };
		785479CE1D754C990040CA78 /* UIImageView+WebCache.m in Sources */ = {isa = PBXBuildFile; fileRef = 7854799F1D754C990040CA78 /* UIImageView+WebCache.m */; };
		785479CF1D754C990040CA78 /* UIView+WebCacheOperation.m in Sources */ = {isa = PBXBuildFile; fileRef = 785479A11D754C990040CA78 /* UIView+WebCacheOperation.m */; };
		785479D31D7570110040CA78 /* WaterfallShopCell.swift in Sources */ = {isa = PBXBuildFile; fileRef = 785479D11D7570110040CA78 /* WaterfallShopCell.swift */; };
		785479D41D7570110040CA78 /* WaterfallShopCell.xib in Resources */ = {isa = PBXBuildFile; fileRef = 785479D21D7570110040CA78 /* WaterfallShopCell.xib */; };
		788FA4D51D7016230059B8EE /* Main.storyboard in Resources */ = {isa = PBXBuildFile; fileRef = 788FA4D31D7016230059B8EE /* Main.storyboard */; };
		788FA4D71D7016240059B8EE /* Assets.xcassets in Resources */ = {isa = PBXBuildFile; fileRef = 788FA4D61D7016240059B8EE /* Assets.xcassets */; };
		788FA4DA1D7016240059B8EE /* LaunchScreen.storyboard in Resources */ = {isa = PBXBuildFile; fileRef = 788FA4D81D7016240059B8EE /* LaunchScreen.storyboard */; };
/* End PBXBuildFile section */

/* Begin PBXFileReference section */
		781187091D78325900B310E8 /* MJRefreshAutoFooter.h */ = {isa = PBXFileReference; fileEncoding = 4; lastKnownFileType = sourcecode.c.h; path = MJRefreshAutoFooter.h; sourceTree = "<group>"; };
		7811870A1D78325900B310E8 /* MJRefreshAutoFooter.m */ = {isa = PBXFileReference; fileEncoding = 4; lastKnownFileType = sourcecode.c.objc; path = MJRefreshAutoFooter.m; sourceTree = "<group>"; };
		7811870B1D78325900B310E8 /* MJRefreshBackFooter.h */ = {isa = PBXFileReference; fileEncoding = 4; lastKnownFileType = sourcecode.c.h; path = MJRefreshBackFooter.h; sourceTree = "<group>"; };
		7811870C1D78325900B310E8 /* MJRefreshBackFooter.m */ = {isa = PBXFileReference; fileEncoding = 4; lastKnownFileType = sourcecode.c.objc; path = MJRefreshBackFooter.m; sourceTree = "<group>"; };
		7811870D1D78325900B310E8 /* MJRefreshComponent.h */ = {isa = PBXFileReference; fileEncoding = 4; lastKnownFileType = sourcecode.c.h; path = MJRefreshComponent.h; sourceTree = "<group>"; };
		7811870E1D78325900B310E8 /* MJRefreshComponent.m */ = {isa = PBXFileReference; fileEncoding = 4; lastKnownFileType = sourcecode.c.objc; path = MJRefreshComponent.m; sourceTree = "<group>"; };
		7811870F1D78325900B310E8 /* MJRefreshFooter.h */ = {isa = PBXFileReference; fileEncoding = 4; lastKnownFileType = sourcecode.c.h; path = MJRefreshFooter.h; sourceTree = "<group>"; };
		781187101D78325900B310E8 /* MJRefreshFooter.m */ = {isa = PBXFileReference; fileEncoding = 4; lastKnownFileType = sourcecode.c.objc; path = MJRefreshFooter.m; sourceTree = "<group>"; };
		781187111D78325900B310E8 /* MJRefreshHeader.h */ = {isa = PBXFileReference; fileEncoding = 4; lastKnownFileType = sourcecode.c.h; path = MJRefreshHeader.h; sourceTree = "<group>"; };
		781187121D78325900B310E8 /* MJRefreshHeader.m */ = {isa = PBXFileReference; fileEncoding = 4; lastKnownFileType = sourcecode.c.objc; path = MJRefreshHeader.m; sourceTree = "<group>"; };
		781187161D78325900B310E8 /* MJRefreshAutoGifFooter.h */ = {isa = PBXFileReference; fileEncoding = 4; lastKnownFileType = sourcecode.c.h; path = MJRefreshAutoGifFooter.h; sourceTree = "<group>"; };
		781187171D78325900B310E8 /* MJRefreshAutoGifFooter.m */ = {isa = PBXFileReference; fileEncoding = 4; lastKnownFileType = sourcecode.c.objc; path = MJRefreshAutoGifFooter.m; sourceTree = "<group>"; };
		781187181D78325900B310E8 /* MJRefreshAutoNormalFooter.h */ = {isa = PBXFileReference; fileEncoding = 4; lastKnownFileType = sourcecode.c.h; path = MJRefreshAutoNormalFooter.h; sourceTree = "<group>"; };
		781187191D78325900B310E8 /* MJRefreshAutoNormalFooter.m */ = {isa = PBXFileReference; fileEncoding = 4; lastKnownFileType = sourcecode.c.objc; path = MJRefreshAutoNormalFooter.m; sourceTree = "<group>"; };
		7811871A1D78325900B310E8 /* MJRefreshAutoStateFooter.h */ = {isa = PBXFileReference; fileEncoding = 4; lastKnownFileType = sourcecode.c.h; path = MJRefreshAutoStateFooter.h; sourceTree = "<group>"; };
		7811871B1D78325900B310E8 /* MJRefreshAutoStateFooter.m */ = {isa = PBXFileReference; fileEncoding = 4; lastKnownFileType = sourcecode.c.objc; path = MJRefreshAutoStateFooter.m; sourceTree = "<group>"; };
		7811871D1D78325900B310E8 /* MJRefreshBackGifFooter.h */ = {isa = PBXFileReference; fileEncoding = 4; lastKnownFileType = sourcecode.c.h; path = MJRefreshBackGifFooter.h; sourceTree = "<group>"; };
		7811871E1D78325900B310E8 /* MJRefreshBackGifFooter.m */ = {isa = PBXFileReference; fileEncoding = 4; lastKnownFileType = sourcecode.c.objc; path = MJRefreshBackGifFooter.m; sourceTree = "<group>"; };
		7811871F1D78325900B310E8 /* MJRefreshBackNormalFooter.h */ = {isa = PBXFileReference; fileEncoding = 4; lastKnownFileType = sourcecode.c.h; path = MJRefreshBackNormalFooter.h; sourceTree = "<group>"; };
		781187201D78325900B310E8 /* MJRefreshBackNormalFooter.m */ = {isa = PBXFileReference; fileEncoding = 4; lastKnownFileType = sourcecode.c.objc; path = MJRefreshBackNormalFooter.m; sourceTree = "<group>"; };
		781187211D78325900B310E8 /* MJRefreshBackStateFooter.h */ = {isa = PBXFileReference; fileEncoding = 4; lastKnownFileType = sourcecode.c.h; path = MJRefreshBackStateFooter.h; sourceTree = "<group>"; };
		781187221D78325900B310E8 /* MJRefreshBackStateFooter.m */ = {isa = PBXFileReference; fileEncoding = 4; lastKnownFileType = sourcecode.c.objc; path = MJRefreshBackStateFooter.m; sourceTree = "<group>"; };
		781187241D78325900B310E8 /* MJRefreshGifHeader.h */ = {isa = PBXFileReference; fileEncoding = 4; lastKnownFileType = sourcecode.c.h; path = MJRefreshGifHeader.h; sourceTree = "<group>"; };
		781187251D78325900B310E8 /* MJRefreshGifHeader.m */ = {isa = PBXFileReference; fileEncoding = 4; lastKnownFileType = sourcecode.c.objc; path = MJRefreshGifHeader.m; sourceTree = "<group>"; };
		781187261D78325900B310E8 /* MJRefreshNormalHeader.h */ = {isa = PBXFileReference; fileEncoding = 4; lastKnownFileType = sourcecode.c.h; path = MJRefreshNormalHeader.h; sourceTree = "<group>"; };
		781187271D78325900B310E8 /* MJRefreshNormalHeader.m */ = {isa = PBXFileReference; fileEncoding = 4; lastKnownFileType = sourcecode.c.objc; path = MJRefreshNormalHeader.m; sourceTree = "<group>"; };
		781187281D78325900B310E8 /* MJRefreshStateHeader.h */ = {isa = PBXFileReference; fileEncoding = 4; lastKnownFileType = sourcecode.c.h; path = MJRefreshStateHeader.h; sourceTree = "<group>"; };
		781187291D78325900B310E8 /* MJRefreshStateHeader.m */ = {isa = PBXFileReference; fileEncoding = 4; lastKnownFileType = sourcecode.c.objc; path = MJRefreshStateHeader.m; sourceTree = "<group>"; };
		7811872A1D78325900B310E8 /* MJRefresh.bundle */ = {isa = PBXFileReference; lastKnownFileType = "wrapper.plug-in"; path = MJRefresh.bundle; sourceTree = "<group>"; };
		7811872B1D78325900B310E8 /* MJRefresh.h */ = {isa = PBXFileReference; fileEncoding = 4; lastKnownFileType = sourcecode.c.h; path = MJRefresh.h; sourceTree = "<group>"; };
		7811872C1D78325900B310E8 /* MJRefreshConst.h */ = {isa = PBXFileReference; fileEncoding = 4; lastKnownFileType = sourcecode.c.h; path = MJRefreshConst.h; sourceTree = "<group>"; };
		7811872D1D78325900B310E8 /* MJRefreshConst.m */ = {isa = PBXFileReference; fileEncoding = 4; lastKnownFileType = sourcecode.c.objc; path = MJRefreshConst.m; sourceTree = "<group>"; };
		7811872E1D78325900B310E8 /* UIScrollView+MJExtension.h */ = {isa = PBXFileReference; fileEncoding = 4; lastKnownFileType = sourcecode.c.h; path = "UIScrollView+MJExtension.h"; sourceTree = "<group>"; };
		7811872F1D78325900B310E8 /* UIScrollView+MJExtension.m */ = {isa = PBXFileReference; fileEncoding = 4; lastKnownFileType = sourcecode.c.objc; path = "UIScrollView+MJExtension.m"; sourceTree = "<group>"; };
		781187301D78325900B310E8 /* UIScrollView+MJRefresh.h */ = {isa = PBXFileReference; fileEncoding = 4; lastKnownFileType = sourcecode.c.h; path = "UIScrollView+MJRefresh.h"; sourceTree = "<group>"; };
		781187311D78325900B310E8 /* UIScrollView+MJRefresh.m */ = {isa = PBXFileReference; fileEncoding = 4; lastKnownFileType = sourcecode.c.objc; path = "UIScrollView+MJRefresh.m"; sourceTree = "<group>"; };
		781187321D78325900B310E8 /* UIView+MJExtension.h */ = {isa = PBXFileReference; fileEncoding = 4; lastKnownFileType = sourcecode.c.h; path = "UIView+MJExtension.h"; sourceTree = "<group>"; };
		781187331D78325900B310E8 /* UIView+MJExtension.m */ = {isa = PBXFileReference; fileEncoding = 4; lastKnownFileType = sourcecode.c.objc; path = "UIView+MJExtension.m"; sourceTree = "<group>"; };
		785479251D7539C10040CA78 /* ViewController.swift */ = {isa = PBXFileReference; fileEncoding = 4; lastKnownFileType = sourcecode.swift; path = ViewController.swift; sourceTree = "<group>"; };
		785479281D7539C10040CA78 /* WaterfallLayout.swift */ = {isa = PBXFileReference; fileEncoding = 4; lastKnownFileType = sourcecode.swift; path = WaterfallLayout.swift; sourceTree = "<group>"; };
		7854792A1D7539C10040CA78 /* AppDelegate.swift */ = {isa = PBXFileReference; fileEncoding = 4; lastKnownFileType = sourcecode.swift; path = AppDelegate.swift; sourceTree = "<group>"; };
		7854792C1D7539C10040CA78 /* Shop.plist */ = {isa = PBXFileReference; fileEncoding = 4; lastKnownFileType = text.plist.xml; path = Shop.plist; sourceTree = "<group>"; };
		785479351D753B510040CA78 /* Shop.swift */ = {isa = PBXFileReference; fileEncoding = 4; lastKnownFileType = sourcecode.swift; path = Shop.swift; sourceTree = "<group>"; };
		785479811D754C990040CA78 /* MKAnnotationView+WebCache.h */ = {isa = PBXFileReference; fileEncoding = 4; lastKnownFileType = sourcecode.c.h; path = "MKAnnotationView+WebCache.h"; sourceTree = "<group>"; };
		785479821D754C990040CA78 /* MKAnnotationView+WebCache.m */ = {isa = PBXFileReference; fileEncoding = 4; lastKnownFileType = sourcecode.c.objc; path = "MKAnnotationView+WebCache.m"; sourceTree = "<group>"; };
		785479831D754C990040CA78 /* NSData+ImageContentType.h */ = {isa = PBXFileReference; fileEncoding = 4; lastKnownFileType = sourcecode.c.h; path = "NSData+ImageContentType.h"; sourceTree = "<group>"; };
		785479841D754C990040CA78 /* NSData+ImageContentType.m */ = {isa = PBXFileReference; fileEncoding = 4; lastKnownFileType = sourcecode.c.objc; path = "NSData+ImageContentType.m"; sourceTree = "<group>"; };
		785479851D754C990040CA78 /* SDImageCache.h */ = {isa = PBXFileReference; fileEncoding = 4; lastKnownFileType = sourcecode.c.h; path = SDImageCache.h; sourceTree = "<group>"; };
		785479861D754C990040CA78 /* SDImageCache.m */ = {isa = PBXFileReference; fileEncoding = 4; lastKnownFileType = sourcecode.c.objc; path = SDImageCache.m; sourceTree = "<group>"; };
		785479871D754C990040CA78 /* SDWebImageCompat.h */ = {isa = PBXFileReference; fileEncoding = 4; lastKnownFileType = sourcecode.c.h; path = SDWebImageCompat.h; sourceTree = "<group>"; };
		785479881D754C990040CA78 /* SDWebImageCompat.m */ = {isa = PBXFileReference; fileEncoding = 4; lastKnownFileType = sourcecode.c.objc; path = SDWebImageCompat.m; sourceTree = "<group>"; };
		785479891D754C990040CA78 /* SDWebImageDecoder.h */ = {isa = PBXFileReference; fileEncoding = 4; lastKnownFileType = sourcecode.c.h; path = SDWebImageDecoder.h; sourceTree = "<group>"; };
		7854798A1D754C990040CA78 /* SDWebImageDecoder.m */ = {isa = PBXFileReference; fileEncoding = 4; lastKnownFileType = sourcecode.c.objc; path = SDWebImageDecoder.m; sourceTree = "<group>"; };
		7854798B1D754C990040CA78 /* SDWebImageDownloader.h */ = {isa = PBXFileReference; fileEncoding = 4; lastKnownFileType = sourcecode.c.h; path = SDWebImageDownloader.h; sourceTree = "<group>"; };
		7854798C1D754C990040CA78 /* SDWebImageDownloader.m */ = {isa = PBXFileReference; fileEncoding = 4; lastKnownFileType = sourcecode.c.objc; path = SDWebImageDownloader.m; sourceTree = "<group>"; };
		7854798D1D754C990040CA78 /* SDWebImageDownloaderOperation.h */ = {isa = PBXFileReference; fileEncoding = 4; lastKnownFileType = sourcecode.c.h; path = SDWebImageDownloaderOperation.h; sourceTree = "<group>"; };
		7854798E1D754C990040CA78 /* SDWebImageDownloaderOperation.m */ = {isa = PBXFileReference; fileEncoding = 4; lastKnownFileType = sourcecode.c.objc; path = SDWebImageDownloaderOperation.m; sourceTree = "<group>"; };
		7854798F1D754C990040CA78 /* SDWebImageManager.h */ = {isa = PBXFileReference; fileEncoding = 4; lastKnownFileType = sourcecode.c.h; path = SDWebImageManager.h; sourceTree = "<group>"; };
		785479901D754C990040CA78 /* SDWebImageManager.m */ = {isa = PBXFileReference; fileEncoding = 4; lastKnownFileType = sourcecode.c.objc; path = SDWebImageManager.m; sourceTree = "<group>"; };
		785479911D754C990040CA78 /* SDWebImageOperation.h */ = {isa = PBXFileReference; fileEncoding = 4; lastKnownFileType = sourcecode.c.h; path = SDWebImageOperation.h; sourceTree = "<group>"; };
		785479921D754C990040CA78 /* SDWebImagePrefetcher.h */ = {isa = PBXFileReference; fileEncoding = 4; lastKnownFileType = sourcecode.c.h; path = SDWebImagePrefetcher.h; sourceTree = "<group>"; };
		785479931D754C990040CA78 /* SDWebImagePrefetcher.m */ = {isa = PBXFileReference; fileEncoding = 4; lastKnownFileType = sourcecode.c.objc; path = SDWebImagePrefetcher.m; sourceTree = "<group>"; };
		785479941D754C990040CA78 /* UIButton+WebCache.h */ = {isa = PBXFileReference; fileEncoding = 4; lastKnownFileType = sourcecode.c.h; path = "UIButton+WebCache.h"; sourceTree = "<group>"; };
		785479951D754C990040CA78 /* UIButton+WebCache.m */ = {isa = PBXFileReference; fileEncoding = 4; lastKnownFileType = sourcecode.c.objc; path = "UIButton+WebCache.m"; sourceTree = "<group>"; };
		785479961D754C990040CA78 /* UIImage+GIF.h */ = {isa = PBXFileReference; fileEncoding = 4; lastKnownFileType = sourcecode.c.h; path = "UIImage+GIF.h"; sourceTree = "<group>"; };
		785479971D754C990040CA78 /* UIImage+GIF.m */ = {isa = PBXFileReference; fileEncoding = 4; lastKnownFileType = sourcecode.c.objc; path = "UIImage+GIF.m"; sourceTree = "<group>"; };
		785479981D754C990040CA78 /* UIImage+MultiFormat.h */ = {isa = PBXFileReference; fileEncoding = 4; lastKnownFileType = sourcecode.c.h; path = "UIImage+MultiFormat.h"; sourceTree = "<group>"; };
		785479991D754C990040CA78 /* UIImage+MultiFormat.m */ = {isa = PBXFileReference; fileEncoding = 4; lastKnownFileType = sourcecode.c.objc; path = "UIImage+MultiFormat.m"; sourceTree = "<group>"; };
		7854799A1D754C990040CA78 /* UIImage+WebP.h */ = {isa = PBXFileReference; fileEncoding = 4; lastKnownFileType = sourcecode.c.h; path = "UIImage+WebP.h"; sourceTree = "<group>"; };
		7854799B1D754C990040CA78 /* UIImage+WebP.m */ = {isa = PBXFileReference; fileEncoding = 4; lastKnownFileType = sourcecode.c.objc; path = "UIImage+WebP.m"; sourceTree = "<group>"; };
		7854799C1D754C990040CA78 /* UIImageView+HighlightedWebCache.h */ = {isa = PBXFileReference; fileEncoding = 4; lastKnownFileType = sourcecode.c.h; path = "UIImageView+HighlightedWebCache.h"; sourceTree = "<group>"; };
		7854799D1D754C990040CA78 /* UIImageView+HighlightedWebCache.m */ = {isa = PBXFileReference; fileEncoding = 4; lastKnownFileType = sourcecode.c.objc; path = "UIImageView+HighlightedWebCache.m"; sourceTree = "<group>"; };
		7854799E1D754C990040CA78 /* UIImageView+WebCache.h */ = {isa = PBXFileReference; fileEncoding = 4; lastKnownFileType = sourcecode.c.h; path = "UIImageView+WebCache.h"; sourceTree = "<group>"; };
		7854799F1D754C990040CA78 /* UIImageView+WebCache.m */ = {isa = PBXFileReference; fileEncoding = 4; lastKnownFileType = sourcecode.c.objc; path = "UIImageView+WebCache.m"; sourceTree = "<group>"; };
		785479A01D754C990040CA78 /* UIView+WebCacheOperation.h */ = {isa = PBXFileReference; fileEncoding = 4; lastKnownFileType = sourcecode.c.h; path = "UIView+WebCacheOperation.h"; sourceTree = "<group>"; };
		785479A11D754C990040CA78 /* UIView+WebCacheOperation.m */ = {isa = PBXFileReference; fileEncoding = 4; lastKnownFileType = sourcecode.c.objc; path = "UIView+WebCacheOperation.m"; sourceTree = "<group>"; };
		785479D01D754D540040CA78 /* Bridging-Header.h */ = {isa = PBXFileReference; lastKnownFileType = sourcecode.c.h; path = "Bridging-Header.h"; sourceTree = "<group>"; };
		785479D11D7570110040CA78 /* WaterfallShopCell.swift */ = {isa = PBXFileReference; fileEncoding = 4; lastKnownFileType = sourcecode.swift; path = WaterfallShopCell.swift; sourceTree = "<group>"; };
		785479D21D7570110040CA78 /* WaterfallShopCell.xib */ = {isa = PBXFileReference; fileEncoding = 4; lastKnownFileType = file.xib; path = WaterfallShopCell.xib; sourceTree = "<group>"; };
		788FA4CC1D7016230059B8EE /* 瀑布流Swift.app */ = {isa = PBXFileReference; explicitFileType = wrapper.application; includeInIndex = 0; path = "瀑布流Swift.app"; sourceTree = BUILT_PRODUCTS_DIR; };
		788FA4D41D7016230059B8EE /* Base */ = {isa = PBXFileReference; lastKnownFileType = file.storyboard; name = Base; path = Base.lproj/Main.storyboard; sourceTree = "<group>"; };
		788FA4D61D7016240059B8EE /* Assets.xcassets */ = {isa = PBXFileReference; lastKnownFileType = folder.assetcatalog; path = Assets.xcassets; sourceTree = "<group>"; };
		788FA4D91D7016240059B8EE /* Base */ = {isa = PBXFileReference; lastKnownFileType = file.storyboard; name = Base; path = Base.lproj/LaunchScreen.storyboard; sourceTree = "<group>"; };
		788FA4DB1D7016240059B8EE /* Info.plist */ = {isa = PBXFileReference; lastKnownFileType = text.plist.xml; path = Info.plist; sourceTree = "<group>"; };
/* End PBXFileReference section */

/* Begin PBXFrameworksBuildPhase section */
		788FA4C91D7016230059B8EE /* Frameworks */ = {
			isa = PBXFrameworksBuildPhase;
			buildActionMask = 2147483647;
			files = (
			);
			runOnlyForDeploymentPostprocessing = 0;
		};
/* End PBXFrameworksBuildPhase section */

/* Begin PBXGroup section */
		781187071D78325900B310E8 /* MJRefresh */ = {
			isa = PBXGroup;
			children = (
				781187081D78325900B310E8 /* Base */,
				781187131D78325900B310E8 /* Custom */,
				7811872A1D78325900B310E8 /* MJRefresh.bundle */,
				7811872B1D78325900B310E8 /* MJRefresh.h */,
				7811872C1D78325900B310E8 /* MJRefreshConst.h */,
				7811872D1D78325900B310E8 /* MJRefreshConst.m */,
				7811872E1D78325900B310E8 /* UIScrollView+MJExtension.h */,
				7811872F1D78325900B310E8 /* UIScrollView+MJExtension.m */,
				781187301D78325900B310E8 /* UIScrollView+MJRefresh.h */,
				781187311D78325900B310E8 /* UIScrollView+MJRefresh.m */,
				781187321D78325900B310E8 /* UIView+MJExtension.h */,
				781187331D78325900B310E8 /* UIView+MJExtension.m */,
			);
			path = MJRefresh;
			sourceTree = "<group>";
		};
		781187081D78325900B310E8 /* Base */ = {
			isa = PBXGroup;
			children = (
				781187091D78325900B310E8 /* MJRefreshAutoFooter.h */,
				7811870A1D78325900B310E8 /* MJRefreshAutoFooter.m */,
				7811870B1D78325900B310E8 /* MJRefreshBackFooter.h */,
				7811870C1D78325900B310E8 /* MJRefreshBackFooter.m */,
				7811870D1D78325900B310E8 /* MJRefreshComponent.h */,
				7811870E1D78325900B310E8 /* MJRefreshComponent.m */,
				7811870F1D78325900B310E8 /* MJRefreshFooter.h */,
				781187101D78325900B310E8 /* MJRefreshFooter.m */,
				781187111D78325900B310E8 /* MJRefreshHeader.h */,
				781187121D78325900B310E8 /* MJRefreshHeader.m */,
			);
			path = Base;
			sourceTree = "<group>";
		};
		781187131D78325900B310E8 /* Custom */ = {
			isa = PBXGroup;
			children = (
				781187141D78325900B310E8 /* Footer */,
				781187231D78325900B310E8 /* Header */,
			);
			path = Custom;
			sourceTree = "<group>";
		};
		781187141D78325900B310E8 /* Footer */ = {
			isa = PBXGroup;
			children = (
				781187151D78325900B310E8 /* Auto */,
				7811871C1D78325900B310E8 /* Back */,
			);
			path = Footer;
			sourceTree = "<group>";
		};
		781187151D78325900B310E8 /* Auto */ = {
			isa = PBXGroup;
			children = (
				781187161D78325900B310E8 /* MJRefreshAutoGifFooter.h */,
				781187171D78325900B310E8 /* MJRefreshAutoGifFooter.m */,
				781187181D78325900B310E8 /* MJRefreshAutoNormalFooter.h */,
				781187191D78325900B310E8 /* MJRefreshAutoNormalFooter.m */,
				7811871A1D78325900B310E8 /* MJRefreshAutoStateFooter.h */,
				7811871B1D78325900B310E8 /* MJRefreshAutoStateFooter.m */,
			);
			path = Auto;
			sourceTree = "<group>";
		};
		7811871C1D78325900B310E8 /* Back */ = {
			isa = PBXGroup;
			children = (
				7811871D1D78325900B310E8 /* MJRefreshBackGifFooter.h */,
				7811871E1D78325900B310E8 /* MJRefreshBackGifFooter.m */,
				7811871F1D78325900B310E8 /* MJRefreshBackNormalFooter.h */,
				781187201D78325900B310E8 /* MJRefreshBackNormalFooter.m */,
				781187211D78325900B310E8 /* MJRefreshBackStateFooter.h */,
				781187221D78325900B310E8 /* MJRefreshBackStateFooter.m */,
			);
			path = Back;
			sourceTree = "<group>";
		};
		781187231D78325900B310E8 /* Header */ = {
			isa = PBXGroup;
			children = (
				781187241D78325900B310E8 /* MJRefreshGifHeader.h */,
				781187251D78325900B310E8 /* MJRefreshGifHeader.m */,
				781187261D78325900B310E8 /* MJRefreshNormalHeader.h */,
				781187271D78325900B310E8 /* MJRefreshNormalHeader.m */,
				781187281D78325900B310E8 /* MJRefreshStateHeader.h */,
				781187291D78325900B310E8 /* MJRefreshStateHeader.m */,
			);
			path = Header;
			sourceTree = "<group>";
		};
		785479231D7539C10040CA78 /* Classes */ = {
			isa = PBXGroup;
			children = (
				785479271D7539C10040CA78 /* View */,
				785479261D7539C10040CA78 /* Model */,
				785479241D7539C10040CA78 /* Controller */,
				785479281D7539C10040CA78 /* WaterfallLayout.swift */,
			);
			path = Classes;
			sourceTree = "<group>";
		};
		785479241D7539C10040CA78 /* Controller */ = {
			isa = PBXGroup;
			children = (
				785479251D7539C10040CA78 /* ViewController.swift */,
			);
			path = Controller;
			sourceTree = "<group>";
		};
		785479261D7539C10040CA78 /* Model */ = {
			isa = PBXGroup;
			children = (
				785479351D753B510040CA78 /* Shop.swift */,
			);
			path = Model;
			sourceTree = "<group>";
		};
		785479271D7539C10040CA78 /* View */ = {
			isa = PBXGroup;
			children = (
				785479D11D7570110040CA78 /* WaterfallShopCell.swift */,
				785479D21D7570110040CA78 /* WaterfallShopCell.xib */,
			);
			path = View;
			sourceTree = "<group>";
		};
		785479291D7539C10040CA78 /* Others */ = {
			isa = PBXGroup;
			children = (
				7854792B1D7539C10040CA78 /* Libs */,
				7854792A1D7539C10040CA78 /* AppDelegate.swift */,
				7854792C1D7539C10040CA78 /* Shop.plist */,
				785479D01D754D540040CA78 /* Bridging-Header.h */,
			);
			path = Others;
			sourceTree = "<group>";
		};
		7854792B1D7539C10040CA78 /* Libs */ = {
			isa = PBXGroup;
			children = (
				781187071D78325900B310E8 /* MJRefresh */,
				785479801D754C990040CA78 /* SDWebImage */,
			);
			path = Libs;
			sourceTree = "<group>";
		};
		785479801D754C990040CA78 /* SDWebImage */ = {
			isa = PBXGroup;
			children = (
				785479811D754C990040CA78 /* MKAnnotationView+WebCache.h */,
				785479821D754C990040CA78 /* MKAnnotationView+WebCache.m */,
				785479831D754C990040CA78 /* NSData+ImageContentType.h */,
				785479841D754C990040CA78 /* NSData+ImageContentType.m */,
				785479851D754C990040CA78 /* SDImageCache.h */,
				785479861D754C990040CA78 /* SDImageCache.m */,
				785479871D754C990040CA78 /* SDWebImageCompat.h */,
				785479881D754C990040CA78 /* SDWebImageCompat.m */,
				785479891D754C990040CA78 /* SDWebImageDecoder.h */,
				7854798A1D754C990040CA78 /* SDWebImageDecoder.m */,
				7854798B1D754C990040CA78 /* SDWebImageDownloader.h */,
				7854798C1D754C990040CA78 /* SDWebImageDownloader.m */,
				7854798D1D754C990040CA78 /* SDWebImageDownloaderOperation.h */,
				7854798E1D754C990040CA78 /* SDWebImageDownloaderOperation.m */,
				7854798F1D754C990040CA78 /* SDWebImageManager.h */,
				785479901D754C990040CA78 /* SDWebImageManager.m */,
				785479911D754C990040CA78 /* SDWebImageOperation.h */,
				785479921D754C990040CA78 /* SDWebImagePrefetcher.h */,
				785479931D754C990040CA78 /* SDWebImagePrefetcher.m */,
				785479941D754C990040CA78 /* UIButton+WebCache.h */,
				785479951D754C990040CA78 /* UIButton+WebCache.m */,
				785479961D754C990040CA78 /* UIImage+GIF.h */,
				785479971D754C990040CA78 /* UIImage+GIF.m */,
				785479981D754C990040CA78 /* UIImage+MultiFormat.h */,
				785479991D754C990040CA78 /* UIImage+MultiFormat.m */,
				7854799A1D754C990040CA78 /* UIImage+WebP.h */,
				7854799B1D754C990040CA78 /* UIImage+WebP.m */,
				7854799C1D754C990040CA78 /* UIImageView+HighlightedWebCache.h */,
				7854799D1D754C990040CA78 /* UIImageView+HighlightedWebCache.m */,
				7854799E1D754C990040CA78 /* UIImageView+WebCache.h */,
				7854799F1D754C990040CA78 /* UIImageView+WebCache.m */,
				785479A01D754C990040CA78 /* UIView+WebCacheOperation.h */,
				785479A11D754C990040CA78 /* UIView+WebCacheOperation.m */,
			);
			path = SDWebImage;
			sourceTree = "<group>";
		};
		788FA4C31D7016230059B8EE = {
			isa = PBXGroup;
			children = (
				788FA4CE1D7016230059B8EE /* 瀑布流Swift */,
				788FA4CD1D7016230059B8EE /* Products */,
			);
			sourceTree = "<group>";
		};
		788FA4CD1D7016230059B8EE /* Products */ = {
			isa = PBXGroup;
			children = (
				788FA4CC1D7016230059B8EE /* 瀑布流Swift.app */,
			);
			name = Products;
			sourceTree = "<group>";
		};
		788FA4CE1D7016230059B8EE /* 瀑布流Swift */ = {
			isa = PBXGroup;
			children = (
				785479231D7539C10040CA78 /* Classes */,
				785479291D7539C10040CA78 /* Others */,
				788FA4D31D7016230059B8EE /* Main.storyboard */,
				788FA4D61D7016240059B8EE /* Assets.xcassets */,
				788FA4D81D7016240059B8EE /* LaunchScreen.storyboard */,
				788FA4DB1D7016240059B8EE /* Info.plist */,
			);
			path = "瀑布流Swift";
			sourceTree = "<group>";
		};
/* End PBXGroup section */

/* Begin PBXNativeTarget section */
		788FA4CB1D7016230059B8EE /* 瀑布流Swift */ = {
			isa = PBXNativeTarget;
			buildConfigurationList = 788FA4DE1D7016240059B8EE /* Build configuration list for PBXNativeTarget "瀑布流Swift" */;
			buildPhases = (
				788FA4C81D7016230059B8EE /* Sources */,
				788FA4C91D7016230059B8EE /* Frameworks */,
				788FA4CA1D7016230059B8EE /* Resources */,
			);
			buildRules = (
			);
			dependencies = (
			);
			name = "瀑布流Swift";
			productName = "瀑布流Swift";
			productReference = 788FA4CC1D7016230059B8EE /* 瀑布流Swift.app */;
			productType = "com.apple.product-type.application";
		};
/* End PBXNativeTarget section */

/* Begin PBXProject section */
		788FA4C41D7016230059B8EE /* Project object */ = {
			isa = PBXProject;
			attributes = {
				LastSwiftUpdateCheck = 0730;
				LastUpgradeCheck = 0730;
				ORGANIZATIONNAME = SaiDicaprio;
				TargetAttributes = {
					788FA4CB1D7016230059B8EE = {
						CreatedOnToolsVersion = 7.3.1;
					};
				};
			};
			buildConfigurationList = 788FA4C71D7016230059B8EE /* Build configuration list for PBXProject "瀑布流Swift" */;
			compatibilityVersion = "Xcode 3.2";
			developmentRegion = English;
			hasScannedForEncodings = 0;
			knownRegions = (
				en,
				Base,
			);
			mainGroup = 788FA4C31D7016230059B8EE;
			productRefGroup = 788FA4CD1D7016230059B8EE /* Products */;
			projectDirPath = "";
			projectRoot = "";
			targets = (
				788FA4CB1D7016230059B8EE /* 瀑布流Swift */,
			);
		};
/* End PBXProject section */

/* Begin PBXResourcesBuildPhase section */
		788FA4CA1D7016230059B8EE /* Resources */ = {
			isa = PBXResourcesBuildPhase;
			buildActionMask = 2147483647;
			files = (
				788FA4DA1D7016240059B8EE /* LaunchScreen.storyboard in Resources */,
				785479D41D7570110040CA78 /* WaterfallShopCell.xib in Resources */,
				781187421D78325900B310E8 /* MJRefresh.bundle in Resources */,
				788FA4D71D7016240059B8EE /* Assets.xcassets in Resources */,
				785479301D7539C10040CA78 /* Shop.plist in Resources */,
				788FA4D51D7016230059B8EE /* Main.storyboard in Resources */,
			);
			runOnlyForDeploymentPostprocessing = 0;
		};
/* End PBXResourcesBuildPhase section */

/* Begin PBXSourcesBuildPhase section */
		788FA4C81D7016230059B8EE /* Sources */ = {
			isa = PBXSourcesBuildPhase;
			buildActionMask = 2147483647;
			files = (
				7854792F1D7539C10040CA78 /* AppDelegate.swift in Sources */,
				781187441D78325900B310E8 /* UIScrollView+MJExtension.m in Sources */,
				781187391D78325900B310E8 /* MJRefreshAutoGifFooter.m in Sources */,
				785479CF1D754C990040CA78 /* UIView+WebCacheOperation.m in Sources */,
				785479C41D754C990040CA78 /* SDWebImageDecoder.m in Sources */,
				785479C71D754C990040CA78 /* SDWebImageManager.m in Sources */,
				7811873A1D78325900B310E8 /* MJRefreshAutoNormalFooter.m in Sources */,
				785479CD1D754C990040CA78 /* UIImageView+HighlightedWebCache.m in Sources */,
				785479CA1D754C990040CA78 /* UIImage+GIF.m in Sources */,
				785479C21D754C990040CA78 /* SDImageCache.m in Sources */,
				781187451D78325900B310E8 /* UIScrollView+MJRefresh.m in Sources */,
				7811873D1D78325900B310E8 /* MJRefreshBackNormalFooter.m in Sources */,
				785479C01D754C990040CA78 /* MKAnnotationView+WebCache.m in Sources */,
				781187361D78325900B310E8 /* MJRefreshComponent.m in Sources */,
				781187401D78325900B310E8 /* MJRefreshNormalHeader.m in Sources */,
				785479C61D754C990040CA78 /* SDWebImageDownloaderOperation.m in Sources */,
				7854792D1D7539C10040CA78 /* ViewController.swift in Sources */,
				7811873C1D78325900B310E8 /* MJRefreshBackGifFooter.m in Sources */,
				781187341D78325900B310E8 /* MJRefreshAutoFooter.m in Sources */,
				7854792E1D7539C10040CA78 /* WaterfallLayout.swift in Sources */,
				781187351D78325900B310E8 /* MJRefreshBackFooter.m in Sources */,
				785479C91D754C990040CA78 /* UIButton+WebCache.m in Sources */,
				781187461D78325900B310E8 /* UIView+MJExtension.m in Sources */,
				785479C51D754C990040CA78 /* SDWebImageDownloader.m in Sources */,
				785479C11D754C990040CA78 /* NSData+ImageContentType.m in Sources */,
				7811873F1D78325900B310E8 /* MJRefreshGifHeader.m in Sources */,
				7811873B1D78325900B310E8 /* MJRefreshAutoStateFooter.m in Sources */,
				785479D31D7570110040CA78 /* WaterfallShopCell.swift in Sources */,
				785479361D753B510040CA78 /* Shop.swift in Sources */,
				785479CC1D754C990040CA78 /* UIImage+WebP.m in Sources */,
				785479C81D754C990040CA78 /* SDWebImagePrefetcher.m in Sources */,
				781187381D78325900B310E8 /* MJRefreshHeader.m in Sources */,
				785479CB1D754C990040CA78 /* UIImage+MultiFormat.m in Sources */,
				781187411D78325900B310E8 /* MJRefreshStateHeader.m in Sources */,
				7811873E1D78325900B310E8 /* MJRefreshBackStateFooter.m in Sources */,
				781187431D78325900B310E8 /* MJRefreshConst.m in Sources */,
				785479C31D754C990040CA78 /* SDWebImageCompat.m in Sources */,
				785479CE1D754C990040CA78 /* UIImageView+WebCache.m in Sources */,
				781187371D78325900B310E8 /* MJRefreshFooter.m in Sources */,
			);
			runOnlyForDeploymentPostprocessing = 0;
		};
/* End PBXSourcesBuildPhase section */

/* Begin PBXVariantGroup section */
		788FA4D31D7016230059B8EE /* Main.storyboard */ = {
			isa = PBXVariantGroup;
			children = (
				788FA4D41D7016230059B8EE /* Base */,
			);
			name = Main.storyboard;
			sourceTree = "<group>";
		};
		788FA4D81D7016240059B8EE /* LaunchScreen.storyboard */ = {
			isa = PBXVariantGroup;
			children = (
				788FA4D91D7016240059B8EE /* Base */,
			);
			name = LaunchScreen.storyboard;
			sourceTree = "<group>";
		};
/* End PBXVariantGroup section */

/* Begin XCBuildConfiguration section */
		788FA4DC1D7016240059B8EE /* Debug */ = {
			isa = XCBuildConfiguration;
			buildSettings = {
				ALWAYS_SEARCH_USER_PATHS = NO;
				CLANG_ANALYZER_NONNULL = YES;
				CLANG_CXX_LANGUAGE_STANDARD = "gnu++0x";
				CLANG_CXX_LIBRARY = "libc++";
				CLANG_ENABLE_MODULES = YES;
				CLANG_ENABLE_OBJC_ARC = YES;
				CLANG_WARN_BOOL_CONVERSION = YES;
				CLANG_WARN_CONSTANT_CONVERSION = YES;
				CLANG_WARN_DIRECT_OBJC_ISA_USAGE = YES_ERROR;
				CLANG_WARN_EMPTY_BODY = YES;
				CLANG_WARN_ENUM_CONVERSION = YES;
				CLANG_WARN_INT_CONVERSION = YES;
				CLANG_WARN_OBJC_ROOT_CLASS = YES_ERROR;
				CLANG_WARN_UNREACHABLE_CODE = YES;
				CLANG_WARN__DUPLICATE_METHOD_MATCH = YES;
				"CODE_SIGN_IDENTITY[sdk=iphoneos*]" = "iPhone Developer";
				COPY_PHASE_STRIP = NO;
				DEBUG_INFORMATION_FORMAT = dwarf;
				ENABLE_STRICT_OBJC_MSGSEND = YES;
				ENABLE_TESTABILITY = YES;
				GCC_C_LANGUAGE_STANDARD = gnu99;
				GCC_DYNAMIC_NO_PIC = NO;
				GCC_NO_COMMON_BLOCKS = YES;
				GCC_OPTIMIZATION_LEVEL = 0;
				GCC_PREPROCESSOR_DEFINITIONS = (
					"DEBUG=1",
					"$(inherited)",
				);
				GCC_WARN_64_TO_32_BIT_CONVERSION = YES;
				GCC_WARN_ABOUT_RETURN_TYPE = YES_ERROR;
				GCC_WARN_UNDECLARED_SELECTOR = YES;
				GCC_WARN_UNINITIALIZED_AUTOS = YES_AGGRESSIVE;
				GCC_WARN_UNUSED_FUNCTION = YES;
				GCC_WARN_UNUSED_VARIABLE = YES;
				IPHONEOS_DEPLOYMENT_TARGET = 9.3;
				MTL_ENABLE_DEBUG_INFO = YES;
				ONLY_ACTIVE_ARCH = YES;
				SDKROOT = iphoneos;
				SWIFT_OPTIMIZATION_LEVEL = "-Onone";
			};
			name = Debug;
		};
		788FA4DD1D7016240059B8EE /* Release */ = {
			isa = XCBuildConfiguration;
			buildSettings = {
				ALWAYS_SEARCH_USER_PATHS = NO;
				CLANG_ANALYZER_NONNULL = YES;
				CLANG_CXX_LANGUAGE_STANDARD = "gnu++0x";
				CLANG_CXX_LIBRARY = "libc++";
				CLANG_ENABLE_MODULES = YES;
				CLANG_ENABLE_OBJC_ARC = YES;
				CLANG_WARN_BOOL_CONVERSION = YES;
				CLANG_WARN_CONSTANT_CONVERSION = YES;
				CLANG_WARN_DIRECT_OBJC_ISA_USAGE = YES_ERROR;
				CLANG_WARN_EMPTY_BODY = YES;
				CLANG_WARN_ENUM_CONVERSION = YES;
				CLANG_WARN_INT_CONVERSION = YES;
				CLANG_WARN_OBJC_ROOT_CLASS = YES_ERROR;
				CLANG_WARN_UNREACHABLE_CODE = YES;
				CLANG_WARN__DUPLICATE_METHOD_MATCH = YES;
				"CODE_SIGN_IDENTITY[sdk=iphoneos*]" = "iPhone Developer";
				COPY_PHASE_STRIP = NO;
				DEBUG_INFORMATION_FORMAT = "dwarf-with-dsym";
				ENABLE_NS_ASSERTIONS = NO;
				ENABLE_STRICT_OBJC_MSGSEND = YES;
				GCC_C_LANGUAGE_STANDARD = gnu99;
				GCC_NO_COMMON_BLOCKS = YES;
				GCC_WARN_64_TO_32_BIT_CONVERSION = YES;
				GCC_WARN_ABOUT_RETURN_TYPE = YES_ERROR;
				GCC_WARN_UNDECLARED_SELECTOR = YES;
				GCC_WARN_UNINITIALIZED_AUTOS = YES_AGGRESSIVE;
				GCC_WARN_UNUSED_FUNCTION = YES;
				GCC_WARN_UNUSED_VARIABLE = YES;
				IPHONEOS_DEPLOYMENT_TARGET = 9.3;
				MTL_ENABLE_DEBUG_INFO = NO;
				SDKROOT = iphoneos;
				VALIDATE_PRODUCT = YES;
			};
			name = Release;
		};
		788FA4DF1D7016240059B8EE /* Debug */ = {
			isa = XCBuildConfiguration;
			buildSettings = {
				ASSETCATALOG_COMPILER_APPICON_NAME = AppIcon;
				INFOPLIST_FILE = "瀑布流Swift/Info.plist";
				LD_RUNPATH_SEARCH_PATHS = "$(inherited) @executable_path/Frameworks";
				PRODUCT_BUNDLE_IDENTIFIER = "com.SaiDicaprio.---Swift";
				PRODUCT_NAME = "$(TARGET_NAME)";
				SWIFT_OBJC_BRIDGING_HEADER = "瀑布流Swift/Others/Bridging-Header.h";
			};
			name = Debug;
		};
		788FA4E01D7016240059B8EE /* Release */ = {
			isa = XCBuildConfiguration;
			buildSettings = {
				ASSETCATALOG_COMPILER_APPICON_NAME = AppIcon;
				INFOPLIST_FILE = "瀑布流Swift/Info.plist";
				LD_RUNPATH_SEARCH_PATHS = "$(inherited) @executable_path/Frameworks";
				PRODUCT_BUNDLE_IDENTIFIER = "com.SaiDicaprio.---Swift";
				PRODUCT_NAME = "$(TARGET_NAME)";
				SWIFT_OBJC_BRIDGING_HEADER = "瀑布流Swift/Others/Bridging-Header.h";
			};
			name = Release;
		};
/* End XCBuildConfiguration section */

/* Begin XCConfigurationList section */
		788FA4C71D7016230059B8EE /* Build configuration list for PBXProject "瀑布流Swift" */ = {
			isa = XCConfigurationList;
			buildConfigurations = (
				788FA4DC1D7016240059B8EE /* Debug */,
				788FA4DD1D7016240059B8EE /* Release */,
			);
			defaultConfigurationIsVisible = 0;
			defaultConfigurationName = Release;
		};
		788FA4DE1D7016240059B8EE /* Build configuration list for PBXNativeTarget "瀑布流Swift" */ = {
			isa = XCConfigurationList;
			buildConfigurations = (
				788FA4DF1D7016240059B8EE /* Debug */,
				788FA4E01D7016240059B8EE /* Release */,
			);
			defaultConfigurationIsVisible = 0;
			defaultConfigurationName = Release;
		};
/* End XCConfigurationList section */
	};
	rootObject = 788FA4C41D7016230059B8EE /* Project object */;
}
